{
  "originHash" : "d7d717283c7a8df35b95ff7e31a046947e9f5e4bd6414eeba391de4a0d3875fb",
  "pins" : [
    {
      "identity" : "swift-argument-parser",
      "kind" : "remoteSourceControl",
      "location" : "https://github.com/apple/swift-argument-parser.git",
      "state" : {
        "revision" : "41982a3656a71c768319979febd796c6fd111d5c",
        "version" : "1.5.0"
      }
    },
    {
      "identity" : "swift-edf",
      "kind" : "remoteSourceControl",
      "location" : "https://github.com/p-x9/swift-edf.git",
      "state" : {
        "revision" : "1bd6e129cd4a1f398b9002454113c20799f842c3",
        "version" : "0.2.0"
      }
    },
    {
      "identity" : "swift-fileio",
      "kind" : "remoteSourceControl",
      "location" : "https://github.com/p-x9/swift-fileio.git",
      "state" : {
        "revision" : "63ad61e7d103b800ca40ea95b0b3516474fc42e2",
        "version" : "0.1.0"
      }
    }
  ],
  "version" : 3
}
