{
  "originHash" : "bf57eed07d32a1614e07edea21b7fb5a0d9d42a8fc451cd330625a59165180f1",
  "pins" : [
    {
      "identity" : "swift-argument-parser",
      "kind" : "remoteSourceControl",
      "location" : "https://github.com/apple/swift-argument-parser.git",
      "state" : {
        "revision" : "41982a3656a71c768319979febd796c6fd111d5c",
        "version" : "1.5.0"
      }
    },
    {
      "identity" : "swift-edf",
      "kind" : "remoteSourceControl",
      "location" : "https://github.com/p-x9/swift-edf.git",
      "state" : {
        "revision" : "1c5a5a243dbf6317fbd3d4d62785cbd886a7485b",
        "version" : "0.1.0"
      }
    }
  ],
  "version" : 3
}
